
Microsoft Visual Studio Solution File, Format Version 12.00
# Visual Studio 15
VisualStudioVersion = 15.0.27703.2047
MinimumVisualStudioVersion = 10.0.40219.1
Project("{FAE04EC0-301F-11D3-BF4B-00C04F79EFBC}") = "Trunked", "Trunked\Trunked.csproj", "{0CA7A155-480D-4C63-AF83-136F94FFDEED}"
EndProject
Global
	GlobalSection(SolutionConfigurationPlatforms) = preSolution
		Debug|Any CPU = Debug|Any CPU
		Release|Any CPU = Release|Any CPU
	EndGlobalSection
	GlobalSection(ProjectConfigurationPlatforms) = postSolution
		{0CA7A155-480D-4C63-AF83-136F94FFDEED}.Debug|Any CPU.ActiveCfg = Debug|Any CPU
		{0CA7A155-480D-4C63-AF83-136F94FFDEED}.Debug|Any CPU.Build.0 = Debug|Any CPU
		{0CA7A155-480D-4C63-AF83-136F94FFDEED}.Release|Any CPU.ActiveCfg = Release|Any CPU
		{0CA7A155-480D-4C63-AF83-136F94FFDEED}.Release|Any CPU.Build.0 = Release|Any CPU
	EndGlobalSection
	GlobalSection(SolutionProperties) = preSolution
		HideSolutionNode = FALSE
	EndGlobalSection
	GlobalSection(ExtensibilityGlobals) = postSolution
		SolutionGuid = {DE4CA9BC-9ED3-48CC-ABED-2DC69E55E7C9}
	EndGlobalSection
EndGlobal
