
Microsoft Visual Studio Solution File, Format Version 12.00
# Visual Studio 15
VisualStudioVersion = 15.0.27703.2047
MinimumVisualStudioVersion = 10.0.40219.1
Project("{FAE04EC0-301F-11D3-BF4B-00C04F79EFBC}") = "TrunkedPrototypes", "TrunkedPrototypes\TrunkedPrototypes.csproj", "{C5FF4490-39E9-4A3D-9A3B-2BAB7B827F11}"
EndProject
Global
	GlobalSection(SolutionConfigurationPlatforms) = preSolution
		Debug|Any CPU = Debug|Any CPU
		Release|Any CPU = Release|Any CPU
	EndGlobalSection
	GlobalSection(ProjectConfigurationPlatforms) = postSolution
		{C5FF4490-39E9-4A3D-9A3B-2BAB7B827F11}.Debug|Any CPU.ActiveCfg = Debug|Any CPU
		{C5FF4490-39E9-4A3D-9A3B-2BAB7B827F11}.Debug|Any CPU.Build.0 = Debug|Any CPU
		{C5FF4490-39E9-4A3D-9A3B-2BAB7B827F11}.Release|Any CPU.ActiveCfg = Release|Any CPU
		{C5FF4490-39E9-4A3D-9A3B-2BAB7B827F11}.Release|Any CPU.Build.0 = Release|Any CPU
	EndGlobalSection
	GlobalSection(SolutionProperties) = preSolution
		HideSolutionNode = FALSE
	EndGlobalSection
	GlobalSection(ExtensibilityGlobals) = postSolution
		SolutionGuid = {710C4DAA-97CB-4BD5-A34D-B4E603A357EA}
	EndGlobalSection
EndGlobal
